
Microsoft Visual Studio Solution File, Format Version 12.00
# Visual Studio Version 17
VisualStudioVersion = 17.0.31903.59
MinimumVisualStudioVersion = 10.0.40219.1
Project("{FAE04EC0-301F-11D3-BF4B-00C04F79EFBC}") = "Jellyfin.Plugin.AetherAnalysis", "src\Jellyfin.Plugin.AetherAnalysis\Jellyfin.Plugin.AetherAnalysis.csproj", "{88B67310-E1C7-44B2-8530-4A23438A24E4}"
EndProject
Project("{FAE04EC0-301F-11D3-BF4B-00C04F79EFBC}") = "Jellyfin.Plugin.AetherAnalysis.Tests", "tests\Jellyfin.Plugin.AetherAnalysis.Tests\Jellyfin.Plugin.AetherAnalysis.Tests.csproj", "{99076B76-C689-4D15-A99D-6B68672E10B4}"
EndProject
Global
	GlobalSection(SolutionConfigurationPlatforms) = preSolution
		Debug|Any CPU = Debug|Any CPU
		Release|Any CPU = Release|Any CPU
	EndGlobalSection
	GlobalSection(ProjectConfigurationPlatforms) = postSolution
		{88B67310-E1C7-44B2-8530-4A23438A24E4}.Debug|Any CPU.ActiveCfg = Debug|Any CPU
		{88B67310-E1C7-44B2-8530-4A23438A24E4}.Debug|Any CPU.Build.0 = Debug|Any CPU
		{88B67310-E1C7-44B2-8530-4A23438A24E4}.Release|Any CPU.ActiveCfg = Release|Any CPU
		{88B67310-E1C7-44B2-8530-4A23438A24E4}.Release|Any CPU.Build.0 = Release|Any CPU
		{99076B76-C689-4D15-A99D-6B68672E10B4}.Debug|Any CPU.ActiveCfg = Debug|Any CPU
		{99076B76-C689-4D15-A99D-6B68672E10B4}.Debug|Any CPU.Build.0 = Debug|Any CPU
		{99076B76-C689-4D15-A99D-6B68672E10B4}.Release|Any CPU.ActiveCfg = Release|Any CPU
		{99076B76-C689-4D15-A99D-6B68672E10B4}.Release|Any CPU.Build.0 = Release|Any CPU
	EndGlobalSection
EndGlobal
